
Microsoft Visual Studio Solution File, Format Version 12.00
# Visual Studio Version 17
VisualStudioVersion = 17.11.35327.3
MinimumVisualStudioVersion = 10.0.40219.1
Project("{FAE04EC0-301F-11D3-BF4B-00C04F79EFBC}") = "AnyoneForTennis", "AnyoneForTennis.csproj", "{40D17CAF-6011-4DF1-88B8-7D033AC75FDC}"
EndProject
Global
	GlobalSection(SolutionConfigurationPlatforms) = preSolution
		Debug|Any CPU = Debug|Any CPU
		Release|Any CPU = Release|Any CPU
	EndGlobalSection
	GlobalSection(ProjectConfigurationPlatforms) = postSolution
		{40D17CAF-6011-4DF1-88B8-7D033AC75FDC}.Debug|Any CPU.ActiveCfg = Debug|Any CPU
		{40D17CAF-6011-4DF1-88B8-7D033AC75FDC}.Debug|Any CPU.Build.0 = Debug|Any CPU
		{40D17CAF-6011-4DF1-88B8-7D033AC75FDC}.Release|Any CPU.ActiveCfg = Release|Any CPU
		{40D17CAF-6011-4DF1-88B8-7D033AC75FDC}.Release|Any CPU.Build.0 = Release|Any CPU
	EndGlobalSection
	GlobalSection(SolutionProperties) = preSolution
		HideSolutionNode = FALSE
	EndGlobalSection
	GlobalSection(ExtensibilityGlobals) = postSolution
		SolutionGuid = {43E22EDC-8A91-44B6-9A8F-6A610DE97BD8}
	EndGlobalSection
EndGlobal
